// !$*UTF8*$!
{
	archiveVersion = 1;
	classes = {
	};
	objectVersion = 46;
	objects = {

/* Begin PBXBuildFile section */
		A63586151DE0854300B561EB /* AppDelegate.swift in Sources */ = {isa = PBXBuildFile; fileRef = A63586141DE0854300B561EB /* AppDelegate.swift */; };
		A63586171DE0854300B561EB /* ViewController.swift in Sources */ = {isa = PBXBuildFile; fileRef = A63586161DE0854300B561EB /* ViewController.swift */; };
		A635861A1DE0854300B561EB /* Main.storyboard in Resources */ = {isa = PBXBuildFile; fileRef = A63586181DE0854300B561EB /* Main.storyboard */; };
		A635861C1DE0854300B561EB /* Assets.xcassets in Resources */ = {isa = PBXBuildFile; fileRef = A635861B1DE0854300B561EB /* Assets.xcassets */; };
		A635861F1DE0854300B561EB /* LaunchScreen.storyboard in Resources */ = {isa = PBXBuildFile; fileRef = A635861D1DE0854300B561EB /* LaunchScreen.storyboard */; };
		A635862A1DE0854300B561EB /* AmusementParkPassGeneratorTests.swift in Sources */ = {isa = PBXBuildFile; fileRef = A63586291DE0854300B561EB /* AmusementParkPassGeneratorTests.swift */; };
		A63586351DE0854300B561EB /* AmusementParkPassGeneratorUITests.swift in Sources */ = {isa = PBXBuildFile; fileRef = A63586341DE0854300B561EB /* AmusementParkPassGeneratorUITests.swift */; };
		A63586451DE09ADE00B561EB /* FaceImageAsset.png in Resources */ = {isa = PBXBuildFile; fileRef = A63586421DE09ADE00B561EB /* FaceImageAsset.png */; };
		A63586461DE09ADE00B561EB /* Screen1Mockup.png in Resources */ = {isa = PBXBuildFile; fileRef = A63586431DE09ADE00B561EB /* Screen1Mockup.png */; };
		A63586471DE09ADE00B561EB /* Screen2Mockup.png in Resources */ = {isa = PBXBuildFile; fileRef = A63586441DE09ADE00B561EB /* Screen2Mockup.png */; };
		A635864A1DE09C8500B561EB /* AccessDenied.wav in Resources */ = {isa = PBXBuildFile; fileRef = A63586481DE09C8500B561EB /* AccessDenied.wav */; };
		A635864B1DE09C8500B561EB /* AccessGranted.wav in Resources */ = {isa = PBXBuildFile; fileRef = A63586491DE09C8500B561EB /* AccessGranted.wav */; };
		A643C1801DE2F1E700B9CC8D /* TextField.swift in Sources */ = {isa = PBXBuildFile; fileRef = A643C17F1DE2F1E700B9CC8D /* TextField.swift */; };
		A643C1821DE3229800B9CC8D /* Line.swift in Sources */ = {isa = PBXBuildFile; fileRef = A643C1811DE3229800B9CC8D /* Line.swift */; };
		A643C1841DE3273700B9CC8D /* ActionButton.swift in Sources */ = {isa = PBXBuildFile; fileRef = A643C1831DE3273700B9CC8D /* ActionButton.swift */; };
		A6839EC21DE1D01C00D98D55 /* MenuBar.swift in Sources */ = {isa = PBXBuildFile; fileRef = A6839EC11DE1D01C00D98D55 /* MenuBar.swift */; };
		A6EDC8261DE0B8560059DEFA /* Colors.swift in Sources */ = {isa = PBXBuildFile; fileRef = A6EDC8251DE0B8560059DEFA /* Colors.swift */; };
		A6EDC8631DE104FF0059DEFA /* Menu.swift in Sources */ = {isa = PBXBuildFile; fileRef = A6EDC8621DE104FF0059DEFA /* Menu.swift */; };
		A6F322441DE41ECC00B127E4 /* Sound.swift in Sources */ = {isa = PBXBuildFile; fileRef = A6F322431DE41ECC00B127E4 /* Sound.swift */; };
		A6F322471DE41F2400B127E4 /* Entrant.swift in Sources */ = {isa = PBXBuildFile; fileRef = A6F322461DE41F2400B127E4 /* Entrant.swift */; };
		A6F3224A1DE41F7600B127E4 /* CheckUnits.swift in Sources */ = {isa = PBXBuildFile; fileRef = A6F322491DE41F7600B127E4 /* CheckUnits.swift */; };
		A6F3224C1DE4494F00B127E4 /* Area.swift in Sources */ = {isa = PBXBuildFile; fileRef = A6F3224B1DE4494F00B127E4 /* Area.swift */; };
		A6F3224E1DE449C900B127E4 /* Access.swift in Sources */ = {isa = PBXBuildFile; fileRef = A6F3224D1DE449C900B127E4 /* Access.swift */; };
		A6F322501DE44A1200B127E4 /* Discount.swift in Sources */ = {isa = PBXBuildFile; fileRef = A6F3224F1DE44A1200B127E4 /* Discount.swift */; };
		A6F322521DE44A5500B127E4 /* Requirements.swift in Sources */ = {isa = PBXBuildFile; fileRef = A6F322511DE44A5500B127E4 /* Requirements.swift */; };
		A6F322541DE4701200B127E4 /* EntrantExtensions.swift in Sources */ = {isa = PBXBuildFile; fileRef = A6F322531DE4701200B127E4 /* EntrantExtensions.swift */; };
/* End PBXBuildFile section */

/* Begin PBXContainerItemProxy section */
		A63586261DE0854300B561EB /* PBXContainerItemProxy */ = {
			isa = PBXContainerItemProxy;
			containerPortal = A63586091DE0854300B561EB /* Project object */;
			proxyType = 1;
			remoteGlobalIDString = A63586101DE0854300B561EB;
			remoteInfo = AmusementParkPassGenerator;
		};
		A63586311DE0854300B561EB /* PBXContainerItemProxy */ = {
			isa = PBXContainerItemProxy;
			containerPortal = A63586091DE0854300B561EB /* Project object */;
			proxyType = 1;
			remoteGlobalIDString = A63586101DE0854300B561EB;
			remoteInfo = AmusementParkPassGenerator;
		};
/* End PBXContainerItemProxy section */

/* Begin PBXFileReference section */
		A63586111DE0854300B561EB /* AmusementParkPassGenerator.app */ = {isa = PBXFileReference; explicitFileType = wrapper.application; includeInIndex = 0; path = AmusementParkPassGenerator.app; sourceTree = BUILT_PRODUCTS_DIR; };
		A63586141DE0854300B561EB /* AppDelegate.swift */ = {isa = PBXFileReference; lastKnownFileType = sourcecode.swift; path = AppDelegate.swift; sourceTree = "<group>"; };
		A63586161DE0854300B561EB /* ViewController.swift */ = {isa = PBXFileReference; lastKnownFileType = sourcecode.swift; path = ViewController.swift; sourceTree = "<group>"; };
		A63586191DE0854300B561EB /* Base */ = {isa = PBXFileReference; lastKnownFileType = file.storyboard; name = Base; path = Base.lproj/Main.storyboard; sourceTree = "<group>"; };
		A635861B1DE0854300B561EB /* Assets.xcassets */ = {isa = PBXFileReference; lastKnownFileType = folder.assetcatalog; path = Assets.xcassets; sourceTree = "<group>"; };
		A635861E1DE0854300B561EB /* Base */ = {isa = PBXFileReference; lastKnownFileType = file.storyboard; name = Base; path = Base.lproj/LaunchScreen.storyboard; sourceTree = "<group>"; };
		A63586201DE0854300B561EB /* Info.plist */ = {isa = PBXFileReference; lastKnownFileType = text.plist.xml; path = Info.plist; sourceTree = "<group>"; };
		A63586251DE0854300B561EB /* AmusementParkPassGeneratorTests.xctest */ = {isa = PBXFileReference; explicitFileType = wrapper.cfbundle; includeInIndex = 0; path = AmusementParkPassGeneratorTests.xctest; sourceTree = BUILT_PRODUCTS_DIR; };
		A63586291DE0854300B561EB /* AmusementParkPassGeneratorTests.swift */ = {isa = PBXFileReference; lastKnownFileType = sourcecode.swift; path = AmusementParkPassGeneratorTests.swift; sourceTree = "<group>"; };
		A635862B1DE0854300B561EB /* Info.plist */ = {isa = PBXFileReference; lastKnownFileType = text.plist.xml; path = Info.plist; sourceTree = "<group>"; };
		A63586301DE0854300B561EB /* AmusementParkPassGeneratorUITests.xctest */ = {isa = PBXFileReference; explicitFileType = wrapper.cfbundle; includeInIndex = 0; path = AmusementParkPassGeneratorUITests.xctest; sourceTree = BUILT_PRODUCTS_DIR; };
		A63586341DE0854300B561EB /* AmusementParkPassGeneratorUITests.swift */ = {isa = PBXFileReference; lastKnownFileType = sourcecode.swift; path = AmusementParkPassGeneratorUITests.swift; sourceTree = "<group>"; };
		A63586361DE0854300B561EB /* Info.plist */ = {isa = PBXFileReference; lastKnownFileType = text.plist.xml; path = Info.plist; sourceTree = "<group>"; };
		A63586421DE09ADE00B561EB /* FaceImageAsset.png */ = {isa = PBXFileReference; lastKnownFileType = image.png; name = FaceImageAsset.png; path = AmusementParkMockups/FaceImageAsset.png; sourceTree = "<group>"; };
		A63586431DE09ADE00B561EB /* Screen1Mockup.png */ = {isa = PBXFileReference; lastKnownFileType = image.png; name = Screen1Mockup.png; path = AmusementParkMockups/Screen1Mockup.png; sourceTree = "<group>"; };
		A63586441DE09ADE00B561EB /* Screen2Mockup.png */ = {isa = PBXFileReference; lastKnownFileType = image.png; name = Screen2Mockup.png; path = AmusementParkMockups/Screen2Mockup.png; sourceTree = "<group>"; };
		A63586481DE09C8500B561EB /* AccessDenied.wav */ = {isa = PBXFileReference; lastKnownFileType = audio.wav; name = AccessDenied.wav; path = AudioFiles/AccessDenied.wav; sourceTree = "<group>"; };
		A63586491DE09C8500B561EB /* AccessGranted.wav */ = {isa = PBXFileReference; lastKnownFileType = audio.wav; name = AccessGranted.wav; path = AudioFiles/AccessGranted.wav; sourceTree = "<group>"; };
		A643C17F1DE2F1E700B9CC8D /* TextField.swift */ = {isa = PBXFileReference; fileEncoding = 4; lastKnownFileType = sourcecode.swift; path = TextField.swift; sourceTree = "<group>"; };
		A643C1811DE3229800B9CC8D /* Line.swift */ = {isa = PBXFileReference; fileEncoding = 4; lastKnownFileType = sourcecode.swift; path = Line.swift; sourceTree = "<group>"; };
		A643C1831DE3273700B9CC8D /* ActionButton.swift */ = {isa = PBXFileReference; fileEncoding = 4; lastKnownFileType = sourcecode.swift; path = ActionButton.swift; sourceTree = "<group>"; };
		A6839EC11DE1D01C00D98D55 /* MenuBar.swift */ = {isa = PBXFileReference; fileEncoding = 4; lastKnownFileType = sourcecode.swift; path = MenuBar.swift; sourceTree = "<group>"; };
		A6EDC8251DE0B8560059DEFA /* Colors.swift */ = {isa = PBXFileReference; fileEncoding = 4; lastKnownFileType = sourcecode.swift; path = Colors.swift; sourceTree = "<group>"; };
		A6EDC8621DE104FF0059DEFA /* Menu.swift */ = {isa = PBXFileReference; fileEncoding = 4; lastKnownFileType = sourcecode.swift; path = Menu.swift; sourceTree = "<group>"; };
		A6F322431DE41ECC00B127E4 /* Sound.swift */ = {isa = PBXFileReference; fileEncoding = 4; lastKnownFileType = sourcecode.swift; path = Sound.swift; sourceTree = "<group>"; };
		A6F322461DE41F2400B127E4 /* Entrant.swift */ = {isa = PBXFileReference; fileEncoding = 4; lastKnownFileType = sourcecode.swift; path = Entrant.swift; sourceTree = "<group>"; };
		A6F322491DE41F7600B127E4 /* CheckUnits.swift */ = {isa = PBXFileReference; fileEncoding = 4; lastKnownFileType = sourcecode.swift; path = CheckUnits.swift; sourceTree = "<group>"; };
		A6F3224B1DE4494F00B127E4 /* Area.swift */ = {isa = PBXFileReference; fileEncoding = 4; lastKnownFileType = sourcecode.swift; path = Area.swift; sourceTree = "<group>"; };
		A6F3224D1DE449C900B127E4 /* Access.swift */ = {isa = PBXFileReference; fileEncoding = 4; lastKnownFileType = sourcecode.swift; path = Access.swift; sourceTree = "<group>"; };
		A6F3224F1DE44A1200B127E4 /* Discount.swift */ = {isa = PBXFileReference; fileEncoding = 4; lastKnownFileType = sourcecode.swift; path = Discount.swift; sourceTree = "<group>"; };
		A6F322511DE44A5500B127E4 /* Requirements.swift */ = {isa = PBXFileReference; fileEncoding = 4; lastKnownFileType = sourcecode.swift; path = Requirements.swift; sourceTree = "<group>"; };
		A6F322531DE4701200B127E4 /* EntrantExtensions.swift */ = {isa = PBXFileReference; fileEncoding = 4; lastKnownFileType = sourcecode.swift; path = EntrantExtensions.swift; sourceTree = "<group>"; };
/* End PBXFileReference section */

/* Begin PBXFrameworksBuildPhase section */
		A635860E1DE0854300B561EB /* Frameworks */ = {
			isa = PBXFrameworksBuildPhase;
			buildActionMask = 2147483647;
			files = (
			);
			runOnlyForDeploymentPostprocessing = 0;
		};
		A63586221DE0854300B561EB /* Frameworks */ = {
			isa = PBXFrameworksBuildPhase;
			buildActionMask = 2147483647;
			files = (
			);
			runOnlyForDeploymentPostprocessing = 0;
		};
		A635862D1DE0854300B561EB /* Frameworks */ = {
			isa = PBXFrameworksBuildPhase;
			buildActionMask = 2147483647;
			files = (
			);
			runOnlyForDeploymentPostprocessing = 0;
		};
/* End PBXFrameworksBuildPhase section */

/* Begin PBXGroup section */
		A63586081DE0854300B561EB = {
			isa = PBXGroup;
			children = (
				A63586131DE0854300B561EB /* AmusementParkPassGenerator */,
				A63586281DE0854300B561EB /* AmusementParkPassGeneratorTests */,
				A63586331DE0854300B561EB /* AmusementParkPassGeneratorUITests */,
				A63586121DE0854300B561EB /* Products */,
				A635864C1DE09C8A00B561EB /* Resources */,
			);
			sourceTree = "<group>";
		};
		A63586121DE0854300B561EB /* Products */ = {
			isa = PBXGroup;
			children = (
				A63586111DE0854300B561EB /* AmusementParkPassGenerator.app */,
				A63586251DE0854300B561EB /* AmusementParkPassGeneratorTests.xctest */,
				A63586301DE0854300B561EB /* AmusementParkPassGeneratorUITests.xctest */,
			);
			name = Products;
			sourceTree = "<group>";
		};
		A63586131DE0854300B561EB /* AmusementParkPassGenerator */ = {
			isa = PBXGroup;
			children = (
				A6F322421DE41EBB00B127E4 /* Helpers */,
				A6EDC8611DE104BF0059DEFA /* Views */,
				A6EDC8241DE0B83A0059DEFA /* Model */,
				A63586141DE0854300B561EB /* AppDelegate.swift */,
				A63586161DE0854300B561EB /* ViewController.swift */,
				A63586181DE0854300B561EB /* Main.storyboard */,
				A635861B1DE0854300B561EB /* Assets.xcassets */,
				A635861D1DE0854300B561EB /* LaunchScreen.storyboard */,
				A63586201DE0854300B561EB /* Info.plist */,
			);
			path = AmusementParkPassGenerator;
			sourceTree = "<group>";
		};
		A63586281DE0854300B561EB /* AmusementParkPassGeneratorTests */ = {
			isa = PBXGroup;
			children = (
				A63586291DE0854300B561EB /* AmusementParkPassGeneratorTests.swift */,
				A635862B1DE0854300B561EB /* Info.plist */,
			);
			path = AmusementParkPassGeneratorTests;
			sourceTree = "<group>";
		};
		A63586331DE0854300B561EB /* AmusementParkPassGeneratorUITests */ = {
			isa = PBXGroup;
			children = (
				A63586341DE0854300B561EB /* AmusementParkPassGeneratorUITests.swift */,
				A63586361DE0854300B561EB /* Info.plist */,
			);
			path = AmusementParkPassGeneratorUITests;
			sourceTree = "<group>";
		};
		A635864C1DE09C8A00B561EB /* Resources */ = {
			isa = PBXGroup;
			children = (
				A63586481DE09C8500B561EB /* AccessDenied.wav */,
				A63586491DE09C8500B561EB /* AccessGranted.wav */,
				A63586421DE09ADE00B561EB /* FaceImageAsset.png */,
				A63586431DE09ADE00B561EB /* Screen1Mockup.png */,
				A63586441DE09ADE00B561EB /* Screen2Mockup.png */,
			);
			name = Resources;
			sourceTree = "<group>";
		};
		A6EDC8241DE0B83A0059DEFA /* Model */ = {
			isa = PBXGroup;
			children = (
				A6F322461DE41F2400B127E4 /* Entrant.swift */,
				A6F322491DE41F7600B127E4 /* CheckUnits.swift */,
				A6F3224B1DE4494F00B127E4 /* Area.swift */,
				A6F3224D1DE449C900B127E4 /* Access.swift */,
				A6F3224F1DE44A1200B127E4 /* Discount.swift */,
				A6F322511DE44A5500B127E4 /* Requirements.swift */,
				A6F322531DE4701200B127E4 /* EntrantExtensions.swift */,
			);
			name = Model;
			sourceTree = "<group>";
		};
		A6EDC8611DE104BF0059DEFA /* Views */ = {
			isa = PBXGroup;
			children = (
				A6EDC8251DE0B8560059DEFA /* Colors.swift */,
				A6EDC8621DE104FF0059DEFA /* Menu.swift */,
				A6839EC11DE1D01C00D98D55 /* MenuBar.swift */,
				A643C17F1DE2F1E700B9CC8D /* TextField.swift */,
				A643C1811DE3229800B9CC8D /* Line.swift */,
				A643C1831DE3273700B9CC8D /* ActionButton.swift */,
			);
			name = Views;
			sourceTree = "<group>";
		};
		A6F322421DE41EBB00B127E4 /* Helpers */ = {
			isa = PBXGroup;
			children = (
				A6F322431DE41ECC00B127E4 /* Sound.swift */,
			);
			name = Helpers;
			sourceTree = "<group>";
		};
/* End PBXGroup section */

/* Begin PBXNativeTarget section */
		A63586101DE0854300B561EB /* AmusementParkPassGenerator */ = {
			isa = PBXNativeTarget;
			buildConfigurationList = A63586391DE0854300B561EB /* Build configuration list for PBXNativeTarget "AmusementParkPassGenerator" */;
			buildPhases = (
				A635860D1DE0854300B561EB /* Sources */,
				A635860E1DE0854300B561EB /* Frameworks */,
				A635860F1DE0854300B561EB /* Resources */,
			);
			buildRules = (
			);
			dependencies = (
			);
			name = AmusementParkPassGenerator;
			productName = AmusementParkPassGenerator;
			productReference = A63586111DE0854300B561EB /* AmusementParkPassGenerator.app */;
			productType = "com.apple.product-type.application";
		};
		A63586241DE0854300B561EB /* AmusementParkPassGeneratorTests */ = {
			isa = PBXNativeTarget;
			buildConfigurationList = A635863C1DE0854300B561EB /* Build configuration list for PBXNativeTarget "AmusementParkPassGeneratorTests" */;
			buildPhases = (
				A63586211DE0854300B561EB /* Sources */,
				A63586221DE0854300B561EB /* Frameworks */,
				A63586231DE0854300B561EB /* Resources */,
			);
			buildRules = (
			);
			dependencies = (
				A63586271DE0854300B561EB /* PBXTargetDependency */,
			);
			name = AmusementParkPassGeneratorTests;
			productName = AmusementParkPassGeneratorTests;
			productReference = A63586251DE0854300B561EB /* AmusementParkPassGeneratorTests.xctest */;
			productType = "com.apple.product-type.bundle.unit-test";
		};
		A635862F1DE0854300B561EB /* AmusementParkPassGeneratorUITests */ = {
			isa = PBXNativeTarget;
			buildConfigurationList = A635863F1DE0854300B561EB /* Build configuration list for PBXNativeTarget "AmusementParkPassGeneratorUITests" */;
			buildPhases = (
				A635862C1DE0854300B561EB /* Sources */,
				A635862D1DE0854300B561EB /* Frameworks */,
				A635862E1DE0854300B561EB /* Resources */,
			);
			buildRules = (
			);
			dependencies = (
				A63586321DE0854300B561EB /* PBXTargetDependency */,
			);
			name = AmusementParkPassGeneratorUITests;
			productName = AmusementParkPassGeneratorUITests;
			productReference = A63586301DE0854300B561EB /* AmusementParkPassGeneratorUITests.xctest */;
			productType = "com.apple.product-type.bundle.ui-testing";
		};
/* End PBXNativeTarget section */

/* Begin PBXProject section */
		A63586091DE0854300B561EB /* Project object */ = {
			isa = PBXProject;
			attributes = {
				LastSwiftUpdateCheck = 0810;
				LastUpgradeCheck = 0810;
				ORGANIZATIONNAME = zzheads;
				TargetAttributes = {
					A63586101DE0854300B561EB = {
						CreatedOnToolsVersion = 8.1;
						ProvisioningStyle = Automatic;
					};
					A63586241DE0854300B561EB = {
						CreatedOnToolsVersion = 8.1;
						ProvisioningStyle = Automatic;
						TestTargetID = A63586101DE0854300B561EB;
					};
					A635862F1DE0854300B561EB = {
						CreatedOnToolsVersion = 8.1;
						ProvisioningStyle = Automatic;
						TestTargetID = A63586101DE0854300B561EB;
					};
				};
			};
			buildConfigurationList = A635860C1DE0854300B561EB /* Build configuration list for PBXProject "AmusementParkPassGenerator" */;
			compatibilityVersion = "Xcode 3.2";
			developmentRegion = English;
			hasScannedForEncodings = 0;
			knownRegions = (
				en,
				Base,
			);
			mainGroup = A63586081DE0854300B561EB;
			productRefGroup = A63586121DE0854300B561EB /* Products */;
			projectDirPath = "";
			projectRoot = "";
			targets = (
				A63586101DE0854300B561EB /* AmusementParkPassGenerator */,
				A63586241DE0854300B561EB /* AmusementParkPassGeneratorTests */,
				A635862F1DE0854300B561EB /* AmusementParkPassGeneratorUITests */,
			);
		};
/* End PBXProject section */

/* Begin PBXResourcesBuildPhase section */
		A635860F1DE0854300B561EB /* Resources */ = {
			isa = PBXResourcesBuildPhase;
			buildActionMask = 2147483647;
			files = (
				A635861F1DE0854300B561EB /* LaunchScreen.storyboard in Resources */,
				A63586461DE09ADE00B561EB /* Screen1Mockup.png in Resources */,
				A635861C1DE0854300B561EB /* Assets.xcassets in Resources */,
				A635861A1DE0854300B561EB /* Main.storyboard in Resources */,
				A635864B1DE09C8500B561EB /* AccessGranted.wav in Resources */,
				A63586451DE09ADE00B561EB /* FaceImageAsset.png in Resources */,
				A63586471DE09ADE00B561EB /* Screen2Mockup.png in Resources */,
				A635864A1DE09C8500B561EB /* AccessDenied.wav in Resources */,
			);
			runOnlyForDeploymentPostprocessing = 0;
		};
		A63586231DE0854300B561EB /* Resources */ = {
			isa = PBXResourcesBuildPhase;
			buildActionMask = 2147483647;
			files = (
			);
			runOnlyForDeploymentPostprocessing = 0;
		};
		A635862E1DE0854300B561EB /* Resources */ = {
			isa = PBXResourcesBuildPhase;
			buildActionMask = 2147483647;
			files = (
			);
			runOnlyForDeploymentPostprocessing = 0;
		};
/* End PBXResourcesBuildPhase section */

/* Begin PBXSourcesBuildPhase section */
		A635860D1DE0854300B561EB /* Sources */ = {
			isa = PBXSourcesBuildPhase;
			buildActionMask = 2147483647;
			files = (
				A6839EC21DE1D01C00D98D55 /* MenuBar.swift in Sources */,
				A63586171DE0854300B561EB /* ViewController.swift in Sources */,
				A6EDC8261DE0B8560059DEFA /* Colors.swift in Sources */,
				A6F322541DE4701200B127E4 /* EntrantExtensions.swift in Sources */,
				A6F3224A1DE41F7600B127E4 /* CheckUnits.swift in Sources */,
				A643C1801DE2F1E700B9CC8D /* TextField.swift in Sources */,
				A63586151DE0854300B561EB /* AppDelegate.swift in Sources */,
				A643C1821DE3229800B9CC8D /* Line.swift in Sources */,
				A6EDC8631DE104FF0059DEFA /* Menu.swift in Sources */,
				A6F322501DE44A1200B127E4 /* Discount.swift in Sources */,
				A6F322521DE44A5500B127E4 /* Requirements.swift in Sources */,
				A6F322441DE41ECC00B127E4 /* Sound.swift in Sources */,
				A6F3224E1DE449C900B127E4 /* Access.swift in Sources */,
				A6F322471DE41F2400B127E4 /* Entrant.swift in Sources */,
				A6F3224C1DE4494F00B127E4 /* Area.swift in Sources */,
				A643C1841DE3273700B9CC8D /* ActionButton.swift in Sources */,
			);
			runOnlyForDeploymentPostprocessing = 0;
		};
		A63586211DE0854300B561EB /* Sources */ = {
			isa = PBXSourcesBuildPhase;
			buildActionMask = 2147483647;
			files = (
				A635862A1DE0854300B561EB /* AmusementParkPassGeneratorTests.swift in Sources */,
			);
			runOnlyForDeploymentPostprocessing = 0;
		};
		A635862C1DE0854300B561EB /* Sources */ = {
			isa = PBXSourcesBuildPhase;
			buildActionMask = 2147483647;
			files = (
				A63586351DE0854300B561EB /* AmusementParkPassGeneratorUITests.swift in Sources */,
			);
			runOnlyForDeploymentPostprocessing = 0;
		};
/* End PBXSourcesBuildPhase section */

/* Begin PBXTargetDependency section */
		A63586271DE0854300B561EB /* PBXTargetDependency */ = {
			isa = PBXTargetDependency;
			target = A63586101DE0854300B561EB /* AmusementParkPassGenerator */;
			targetProxy = A63586261DE0854300B561EB /* PBXContainerItemProxy */;
		};
		A63586321DE0854300B561EB /* PBXTargetDependency */ = {
			isa = PBXTargetDependency;
			target = A63586101DE0854300B561EB /* AmusementParkPassGenerator */;
			targetProxy = A63586311DE0854300B561EB /* PBXContainerItemProxy */;
		};
/* End PBXTargetDependency section */

/* Begin PBXVariantGroup section */
		A63586181DE0854300B561EB /* Main.storyboard */ = {
			isa = PBXVariantGroup;
			children = (
				A63586191DE0854300B561EB /* Base */,
			);
			name = Main.storyboard;
			sourceTree = "<group>";
		};
		A635861D1DE0854300B561EB /* LaunchScreen.storyboard */ = {
			isa = PBXVariantGroup;
			children = (
				A635861E1DE0854300B561EB /* Base */,
			);
			name = LaunchScreen.storyboard;
			sourceTree = "<group>";
		};
/* End PBXVariantGroup section */

/* Begin XCBuildConfiguration section */
		A63586371DE0854300B561EB /* Debug */ = {
			isa = XCBuildConfiguration;
			buildSettings = {
				ALWAYS_SEARCH_USER_PATHS = NO;
				CLANG_ANALYZER_NONNULL = YES;
				CLANG_CXX_LANGUAGE_STANDARD = "gnu++0x";
				CLANG_CXX_LIBRARY = "libc++";
				CLANG_ENABLE_MODULES = YES;
				CLANG_ENABLE_OBJC_ARC = YES;
				CLANG_WARN_BOOL_CONVERSION = YES;
				CLANG_WARN_CONSTANT_CONVERSION = YES;
				CLANG_WARN_DIRECT_OBJC_ISA_USAGE = YES_ERROR;
				CLANG_WARN_DOCUMENTATION_COMMENTS = YES;
				CLANG_WARN_EMPTY_BODY = YES;
				CLANG_WARN_ENUM_CONVERSION = YES;
				CLANG_WARN_INFINITE_RECURSION = YES;
				CLANG_WARN_INT_CONVERSION = YES;
				CLANG_WARN_OBJC_ROOT_CLASS = YES_ERROR;
				CLANG_WARN_SUSPICIOUS_MOVES = YES;
				CLANG_WARN_UNREACHABLE_CODE = YES;
				CLANG_WARN__DUPLICATE_METHOD_MATCH = YES;
				"CODE_SIGN_IDENTITY[sdk=iphoneos*]" = "iPhone Developer";
				COPY_PHASE_STRIP = NO;
				DEBUG_INFORMATION_FORMAT = dwarf;
				ENABLE_STRICT_OBJC_MSGSEND = YES;
				ENABLE_TESTABILITY = YES;
				GCC_C_LANGUAGE_STANDARD = gnu99;
				GCC_DYNAMIC_NO_PIC = NO;
				GCC_NO_COMMON_BLOCKS = YES;
				GCC_OPTIMIZATION_LEVEL = 0;
				GCC_PREPROCESSOR_DEFINITIONS = (
					"DEBUG=1",
					"$(inherited)",
				);
				GCC_WARN_64_TO_32_BIT_CONVERSION = YES;
				GCC_WARN_ABOUT_RETURN_TYPE = YES_ERROR;
				GCC_WARN_UNDECLARED_SELECTOR = YES;
				GCC_WARN_UNINITIALIZED_AUTOS = YES_AGGRESSIVE;
				GCC_WARN_UNUSED_FUNCTION = YES;
				GCC_WARN_UNUSED_VARIABLE = YES;
				IPHONEOS_DEPLOYMENT_TARGET = 10.1;
				MTL_ENABLE_DEBUG_INFO = YES;
				ONLY_ACTIVE_ARCH = YES;
				SDKROOT = iphoneos;
				SWIFT_ACTIVE_COMPILATION_CONDITIONS = DEBUG;
				SWIFT_OPTIMIZATION_LEVEL = "-Onone";
			};
			name = Debug;
		};
		A63586381DE0854300B561EB /* Release */ = {
			isa = XCBuildConfiguration;
			buildSettings = {
				ALWAYS_SEARCH_USER_PATHS = NO;
				CLANG_ANALYZER_NONNULL = YES;
				CLANG_CXX_LANGUAGE_STANDARD = "gnu++0x";
				CLANG_CXX_LIBRARY = "libc++";
				CLANG_ENABLE_MODULES = YES;
				CLANG_ENABLE_OBJC_ARC = YES;
				CLANG_WARN_BOOL_CONVERSION = YES;
				CLANG_WARN_CONSTANT_CONVERSION = YES;
				CLANG_WARN_DIRECT_OBJC_ISA_USAGE = YES_ERROR;
				CLANG_WARN_DOCUMENTATION_COMMENTS = YES;
				CLANG_WARN_EMPTY_BODY = YES;
				CLANG_WARN_ENUM_CONVERSION = YES;
				CLANG_WARN_INFINITE_RECURSION = YES;
				CLANG_WARN_INT_CONVERSION = YES;
				CLANG_WARN_OBJC_ROOT_CLASS = YES_ERROR;
				CLANG_WARN_SUSPICIOUS_MOVES = YES;
				CLANG_WARN_UNREACHABLE_CODE = YES;
				CLANG_WARN__DUPLICATE_METHOD_MATCH = YES;
				"CODE_SIGN_IDENTITY[sdk=iphoneos*]" = "iPhone Developer";
				COPY_PHASE_STRIP = NO;
				DEBUG_INFORMATION_FORMAT = "dwarf-with-dsym";
				ENABLE_NS_ASSERTIONS = NO;
				ENABLE_STRICT_OBJC_MSGSEND = YES;
				GCC_C_LANGUAGE_STANDARD = gnu99;
				GCC_NO_COMMON_BLOCKS = YES;
				GCC_WARN_64_TO_32_BIT_CONVERSION = YES;
				GCC_WARN_ABOUT_RETURN_TYPE = YES_ERROR;
				GCC_WARN_UNDECLARED_SELECTOR = YES;
				GCC_WARN_UNINITIALIZED_AUTOS = YES_AGGRESSIVE;
				GCC_WARN_UNUSED_FUNCTION = YES;
				GCC_WARN_UNUSED_VARIABLE = YES;
				IPHONEOS_DEPLOYMENT_TARGET = 10.1;
				MTL_ENABLE_DEBUG_INFO = NO;
				SDKROOT = iphoneos;
				SWIFT_OPTIMIZATION_LEVEL = "-Owholemodule";
				VALIDATE_PRODUCT = YES;
			};
			name = Release;
		};
		A635863A1DE0854300B561EB /* Debug */ = {
			isa = XCBuildConfiguration;
			buildSettings = {
				ASSETCATALOG_COMPILER_APPICON_NAME = AppIcon;
				INFOPLIST_FILE = AmusementParkPassGenerator/Info.plist;
				IPHONEOS_DEPLOYMENT_TARGET = 9.0;
				LD_RUNPATH_SEARCH_PATHS = "$(inherited) @executable_path/Frameworks";
				PRODUCT_BUNDLE_IDENTIFIER = com.zzheads.AmusementParkPassGenerator;
				PRODUCT_NAME = "$(TARGET_NAME)";
				SWIFT_VERSION = 3.0;
				TARGETED_DEVICE_FAMILY = "1,2";
			};
			name = Debug;
		};
		A635863B1DE0854300B561EB /* Release */ = {
			isa = XCBuildConfiguration;
			buildSettings = {
				ASSETCATALOG_COMPILER_APPICON_NAME = AppIcon;
				INFOPLIST_FILE = AmusementParkPassGenerator/Info.plist;
				IPHONEOS_DEPLOYMENT_TARGET = 9.0;
				LD_RUNPATH_SEARCH_PATHS = "$(inherited) @executable_path/Frameworks";
				PRODUCT_BUNDLE_IDENTIFIER = com.zzheads.AmusementParkPassGenerator;
				PRODUCT_NAME = "$(TARGET_NAME)";
				SWIFT_VERSION = 3.0;
				TARGETED_DEVICE_FAMILY = "1,2";
			};
			name = Release;
		};
		A635863D1DE0854300B561EB /* Debug */ = {
			isa = XCBuildConfiguration;
			buildSettings = {
				ALWAYS_EMBED_SWIFT_STANDARD_LIBRARIES = YES;
				BUNDLE_LOADER = "$(TEST_HOST)";
				INFOPLIST_FILE = AmusementParkPassGeneratorTests/Info.plist;
				LD_RUNPATH_SEARCH_PATHS = "$(inherited) @executable_path/Frameworks @loader_path/Frameworks";
				PRODUCT_BUNDLE_IDENTIFIER = com.zzheads.AmusementParkPassGeneratorTests;
				PRODUCT_NAME = "$(TARGET_NAME)";
				SWIFT_VERSION = 3.0;
				TEST_HOST = "$(BUILT_PRODUCTS_DIR)/AmusementParkPassGenerator.app/AmusementParkPassGenerator";
			};
			name = Debug;
		};
		A635863E1DE0854300B561EB /* Release */ = {
			isa = XCBuildConfiguration;
			buildSettings = {
				ALWAYS_EMBED_SWIFT_STANDARD_LIBRARIES = YES;
				BUNDLE_LOADER = "$(TEST_HOST)";
				INFOPLIST_FILE = AmusementParkPassGeneratorTests/Info.plist;
				LD_RUNPATH_SEARCH_PATHS = "$(inherited) @executable_path/Frameworks @loader_path/Frameworks";
				PRODUCT_BUNDLE_IDENTIFIER = com.zzheads.AmusementParkPassGeneratorTests;
				PRODUCT_NAME = "$(TARGET_NAME)";
				SWIFT_VERSION = 3.0;
				TEST_HOST = "$(BUILT_PRODUCTS_DIR)/AmusementParkPassGenerator.app/AmusementParkPassGenerator";
			};
			name = Release;
		};
		A63586401DE0854300B561EB /* Debug */ = {
			isa = XCBuildConfiguration;
			buildSettings = {
				ALWAYS_EMBED_SWIFT_STANDARD_LIBRARIES = YES;
				INFOPLIST_FILE = AmusementParkPassGeneratorUITests/Info.plist;
				LD_RUNPATH_SEARCH_PATHS = "$(inherited) @executable_path/Frameworks @loader_path/Frameworks";
				PRODUCT_BUNDLE_IDENTIFIER = com.zzheads.AmusementParkPassGeneratorUITests;
				PRODUCT_NAME = "$(TARGET_NAME)";
				SWIFT_VERSION = 3.0;
				TEST_TARGET_NAME = AmusementParkPassGenerator;
			};
			name = Debug;
		};
		A63586411DE0854300B561EB /* Release */ = {
			isa = XCBuildConfiguration;
			buildSettings = {
				ALWAYS_EMBED_SWIFT_STANDARD_LIBRARIES = YES;
				INFOPLIST_FILE = AmusementParkPassGeneratorUITests/Info.plist;
				LD_RUNPATH_SEARCH_PATHS = "$(inherited) @executable_path/Frameworks @loader_path/Frameworks";
				PRODUCT_BUNDLE_IDENTIFIER = com.zzheads.AmusementParkPassGeneratorUITests;
				PRODUCT_NAME = "$(TARGET_NAME)";
				SWIFT_VERSION = 3.0;
				TEST_TARGET_NAME = AmusementParkPassGenerator;
			};
			name = Release;
		};
/* End XCBuildConfiguration section */

/* Begin XCConfigurationList section */
		A635860C1DE0854300B561EB /* Build configuration list for PBXProject "AmusementParkPassGenerator" */ = {
			isa = XCConfigurationList;
			buildConfigurations = (
				A63586371DE0854300B561EB /* Debug */,
				A63586381DE0854300B561EB /* Release */,
			);
			defaultConfigurationIsVisible = 0;
			defaultConfigurationName = Release;
		};
		A63586391DE0854300B561EB /* Build configuration list for PBXNativeTarget "AmusementParkPassGenerator" */ = {
			isa = XCConfigurationList;
			buildConfigurations = (
				A635863A1DE0854300B561EB /* Debug */,
				A635863B1DE0854300B561EB /* Release */,
			);
			defaultConfigurationIsVisible = 0;
			defaultConfigurationName = Release;
		};
		A635863C1DE0854300B561EB /* Build configuration list for PBXNativeTarget "AmusementParkPassGeneratorTests" */ = {
			isa = XCConfigurationList;
			buildConfigurations = (
				A635863D1DE0854300B561EB /* Debug */,
				A635863E1DE0854300B561EB /* Release */,
			);
			defaultConfigurationIsVisible = 0;
			defaultConfigurationName = Release;
		};
		A635863F1DE0854300B561EB /* Build configuration list for PBXNativeTarget "AmusementParkPassGeneratorUITests" */ = {
			isa = XCConfigurationList;
			buildConfigurations = (
				A63586401DE0854300B561EB /* Debug */,
				A63586411DE0854300B561EB /* Release */,
			);
			defaultConfigurationIsVisible = 0;
			defaultConfigurationName = Release;
		};
/* End XCConfigurationList section */
	};
	rootObject = A63586091DE0854300B561EB /* Project object */;
}
